// !$*UTF8*$!
{
	archiveVersion = 1;
	classes = {
	};
	objectVersion = 77;
	objects = {

/* Begin PBXBuildFile section */
		F3CE3B1A2D6678C90024C256 /* HoopCount Watch App.app in Embed Watch Content */ = {isa = PBXBuildFile; fileRef = F3CE3B192D6678C90024C256 /* HoopCount Watch App.app */; settings = {ATTRIBUTES = (RemoveHeadersOnCopy, ); }; };
/* End PBXBuildFile section */

/* Begin PBXContainerItemProxy section */
		F3CE3B1B2D6678C90024C256 /* PBXContainerItemProxy */ = {
			isa = PBXContainerItemProxy;
			containerPortal = F3CE3B0D2D6678C90024C256 /* Project object */;
			proxyType = 1;
			remoteGlobalIDString = F3CE3B182D6678C90024C256;
			remoteInfo = "HoopCount Watch App";
		};
		F3CE3B2C2D6678CA0024C256 /* PBXContainerItemProxy */ = {
			isa = PBXContainerItemProxy;
			containerPortal = F3CE3B0D2D6678C90024C256 /* Project object */;
			proxyType = 1;
			remoteGlobalIDString = F3CE3B182D6678C90024C256;
			remoteInfo = "HoopCount Watch App";
		};
		F3CE3B362D6678CA0024C256 /* PBXContainerItemProxy */ = {
			isa = PBXContainerItemProxy;
			containerPortal = F3CE3B0D2D6678C90024C256 /* Project object */;
			proxyType = 1;
			remoteGlobalIDString = F3CE3B182D6678C90024C256;
			remoteInfo = "HoopCount Watch App";
		};
/* End PBXContainerItemProxy section */

/* Begin PBXCopyFilesBuildPhase section */
		F3CE3B422D6678CA0024C256 /* Embed Watch Content */ = {
			isa = PBXCopyFilesBuildPhase;
			buildActionMask = 2147483647;
			dstPath = "$(CONTENTS_FOLDER_PATH)/Watch";
			dstSubfolderSpec = 16;
			files = (
				F3CE3B1A2D6678C90024C256 /* HoopCount Watch App.app in Embed Watch Content */,
			);
			name = "Embed Watch Content";
			runOnlyForDeploymentPostprocessing = 0;
		};
/* End PBXCopyFilesBuildPhase section */

/* Begin PBXFileReference section */
		F3CE3B132D6678C90024C256 /* HoopCount.app */ = {isa = PBXFileReference; explicitFileType = wrapper.application; includeInIndex = 0; path = HoopCount.app; sourceTree = BUILT_PRODUCTS_DIR; };
		F3CE3B192D6678C90024C256 /* HoopCount Watch App.app */ = {isa = PBXFileReference; explicitFileType = wrapper.application; includeInIndex = 0; path = "HoopCount Watch App.app"; sourceTree = BUILT_PRODUCTS_DIR; };
		F3CE3B2B2D6678CA0024C256 /* HoopCount Watch AppTests.xctest */ = {isa = PBXFileReference; explicitFileType = wrapper.cfbundle; includeInIndex = 0; path = "HoopCount Watch AppTests.xctest"; sourceTree = BUILT_PRODUCTS_DIR; };
		F3CE3B352D6678CA0024C256 /* HoopCount Watch AppUITests.xctest */ = {isa = PBXFileReference; explicitFileType = wrapper.cfbundle; includeInIndex = 0; path = "HoopCount Watch AppUITests.xctest"; sourceTree = BUILT_PRODUCTS_DIR; };
/* End PBXFileReference section */

/* Begin PBXFileSystemSynchronizedRootGroup section */
		F3CE3B1D2D6678C90024C256 /* HoopCount Watch App */ = {
			isa = PBXFileSystemSynchronizedRootGroup;
			path = "HoopCount Watch App";
			sourceTree = "<group>";
		};
		F3CE3B2E2D6678CA0024C256 /* HoopCount Watch AppTests */ = {
			isa = PBXFileSystemSynchronizedRootGroup;
			path = "HoopCount Watch AppTests";
			sourceTree = "<group>";
		};
		F3CE3B382D6678CA0024C256 /* HoopCount Watch AppUITests */ = {
			isa = PBXFileSystemSynchronizedRootGroup;
			path = "HoopCount Watch AppUITests";
			sourceTree = "<group>";
		};
/* End PBXFileSystemSynchronizedRootGroup section */

/* Begin PBXFrameworksBuildPhase section */
		F3CE3B162D6678C90024C256 /* Frameworks */ = {
			isa = PBXFrameworksBuildPhase;
			buildActionMask = 2147483647;
			files = (
			);
			runOnlyForDeploymentPostprocessing = 0;
		};
		F3CE3B282D6678CA0024C256 /* Frameworks */ = {
			isa = PBXFrameworksBuildPhase;
			buildActionMask = 2147483647;
			files = (
			);
			runOnlyForDeploymentPostprocessing = 0;
		};
		F3CE3B322D6678CA0024C256 /* Frameworks */ = {
			isa = PBXFrameworksBuildPhase;
			buildActionMask = 2147483647;
			files = (
			);
			runOnlyForDeploymentPostprocessing = 0;
		};
/* End PBXFrameworksBuildPhase section */

/* Begin PBXGroup section */
		F3CE3B0C2D6678C90024C256 = {
			isa = PBXGroup;
			children = (
				F3CE3B1D2D6678C90024C256 /* HoopCount Watch App */,
				F3CE3B2E2D6678CA0024C256 /* HoopCount Watch AppTests */,
				F3CE3B382D6678CA0024C256 /* HoopCount Watch AppUITests */,
				F3CE3B142D6678C90024C256 /* Products */,
			);
			sourceTree = "<group>";
		};
		F3CE3B142D6678C90024C256 /* Products */ = {
			isa = PBXGroup;
			children = (
				F3CE3B132D6678C90024C256 /* HoopCount.app */,
				F3CE3B192D6678C90024C256 /* HoopCount Watch App.app */,
				F3CE3B2B2D6678CA0024C256 /* HoopCount Watch AppTests.xctest */,
				F3CE3B352D6678CA0024C256 /* HoopCount Watch AppUITests.xctest */,
			);
			name = Products;
			sourceTree = "<group>";
		};
/* End PBXGroup section */

/* Begin PBXNativeTarget section */
		F3CE3B122D6678C90024C256 /* HoopCount */ = {
			isa = PBXNativeTarget;
			buildConfigurationList = F3CE3B432D6678CA0024C256 /* Build configuration list for PBXNativeTarget "HoopCount" */;
			buildPhases = (
				F3CE3B112D6678C90024C256 /* Resources */,
				F3CE3B422D6678CA0024C256 /* Embed Watch Content */,
			);
			buildRules = (
			);
			dependencies = (
				F3CE3B1C2D6678C90024C256 /* PBXTargetDependency */,
			);
			name = HoopCount;
			packageProductDependencies = (
			);
			productName = HoopCount;
			productReference = F3CE3B132D6678C90024C256 /* HoopCount.app */;
			productType = "com.apple.product-type.application.watchapp2-container";
		};
		F3CE3B182D6678C90024C256 /* HoopCount Watch App */ = {
			isa = PBXNativeTarget;
			buildConfigurationList = F3CE3B3F2D6678CA0024C256 /* Build configuration list for PBXNativeTarget "HoopCount Watch App" */;
			buildPhases = (
				F3CE3B152D6678C90024C256 /* Sources */,
				F3CE3B162D6678C90024C256 /* Frameworks */,
				F3CE3B172D6678C90024C256 /* Resources */,
			);
			buildRules = (
			);
			dependencies = (
			);
			fileSystemSynchronizedGroups = (
				F3CE3B1D2D6678C90024C256 /* HoopCount Watch App */,
			);
			name = "HoopCount Watch App";
			packageProductDependencies = (
			);
			productName = "HoopCount Watch App";
			productReference = F3CE3B192D6678C90024C256 /* HoopCount Watch App.app */;
			productType = "com.apple.product-type.application";
		};
		F3CE3B2A2D6678CA0024C256 /* HoopCount Watch AppTests */ = {
			isa = PBXNativeTarget;
			buildConfigurationList = F3CE3B462D6678CA0024C256 /* Build configuration list for PBXNativeTarget "HoopCount Watch AppTests" */;
			buildPhases = (
				F3CE3B272D6678CA0024C256 /* Sources */,
				F3CE3B282D6678CA0024C256 /* Frameworks */,
				F3CE3B292D6678CA0024C256 /* Resources */,
			);
			buildRules = (
			);
			dependencies = (
				F3CE3B2D2D6678CA0024C256 /* PBXTargetDependency */,
			);
			fileSystemSynchronizedGroups = (
				F3CE3B2E2D6678CA0024C256 /* HoopCount Watch AppTests */,
			);
			name = "HoopCount Watch AppTests";
			packageProductDependencies = (
			);
			productName = "HoopCount Watch AppTests";
			productReference = F3CE3B2B2D6678CA0024C256 /* HoopCount Watch AppTests.xctest */;
			productType = "com.apple.product-type.bundle.unit-test";
		};
		F3CE3B342D6678CA0024C256 /* HoopCount Watch AppUITests */ = {
			isa = PBXNativeTarget;
			buildConfigurationList = F3CE3B492D6678CA0024C256 /* Build configuration list for PBXNativeTarget "HoopCount Watch AppUITests" */;
			buildPhases = (
				F3CE3B312D6678CA0024C256 /* Sources */,
				F3CE3B322D6678CA0024C256 /* Frameworks */,
				F3CE3B332D6678CA0024C256 /* Resources */,
			);
			buildRules = (
			);
			dependencies = (
				F3CE3B372D6678CA0024C256 /* PBXTargetDependency */,
			);
			fileSystemSynchronizedGroups = (
				F3CE3B382D6678CA0024C256 /* HoopCount Watch AppUITests */,
			);
			name = "HoopCount Watch AppUITests";
			packageProductDependencies = (
			);
			productName = "HoopCount Watch AppUITests";
			productReference = F3CE3B352D6678CA0024C256 /* HoopCount Watch AppUITests.xctest */;
			productType = "com.apple.product-type.bundle.ui-testing";
		};
/* End PBXNativeTarget section */

/* Begin PBXProject section */
		F3CE3B0D2D6678C90024C256 /* Project object */ = {
			isa = PBXProject;
			attributes = {
				BuildIndependentTargetsInParallel = 1;
				LastSwiftUpdateCheck = 1620;
				LastUpgradeCheck = 1620;
				TargetAttributes = {
					F3CE3B122D6678C90024C256 = {
						CreatedOnToolsVersion = 16.2;
					};
					F3CE3B182D6678C90024C256 = {
						CreatedOnToolsVersion = 16.2;
					};
					F3CE3B2A2D6678CA0024C256 = {
						CreatedOnToolsVersion = 16.2;
						TestTargetID = F3CE3B182D6678C90024C256;
					};
					F3CE3B342D6678CA0024C256 = {
						CreatedOnToolsVersion = 16.2;
						TestTargetID = F3CE3B182D6678C90024C256;
					};
				};
			};
			buildConfigurationList = F3CE3B102D6678C90024C256 /* Build configuration list for PBXProject "HoopCount" */;
			developmentRegion = en;
			hasScannedForEncodings = 0;
			knownRegions = (
				en,
				Base,
			);
			mainGroup = F3CE3B0C2D6678C90024C256;
			minimizedProjectReferenceProxies = 1;
			preferredProjectObjectVersion = 77;
			productRefGroup = F3CE3B142D6678C90024C256 /* Products */;
			projectDirPath = "";
			projectRoot = "";
			targets = (
				F3CE3B122D6678C90024C256 /* HoopCount */,
				F3CE3B182D6678C90024C256 /* HoopCount Watch App */,
				F3CE3B2A2D6678CA0024C256 /* HoopCount Watch AppTests */,
				F3CE3B342D6678CA0024C256 /* HoopCount Watch AppUITests */,
			);
		};
/* End PBXProject section */

/* Begin PBXResourcesBuildPhase section */
		F3CE3B112D6678C90024C256 /* Resources */ = {
			isa = PBXResourcesBuildPhase;
			buildActionMask = 2147483647;
			files = (
			);
			runOnlyForDeploymentPostprocessing = 0;
		};
		F3CE3B172D6678C90024C256 /* Resources */ = {
			isa = PBXResourcesBuildPhase;
			buildActionMask = 2147483647;
			files = (
			);
			runOnlyForDeploymentPostprocessing = 0;
		};
		F3CE3B292D6678CA0024C256 /* Resources */ = {
			isa = PBXResourcesBuildPhase;
			buildActionMask = 2147483647;
			files = (
			);
			runOnlyForDeploymentPostprocessing = 0;
		};
		F3CE3B332D6678CA0024C256 /* Resources */ = {
			isa = PBXResourcesBuildPhase;
			buildActionMask = 2147483647;
			files = (
			);
			runOnlyForDeploymentPostprocessing = 0;
		};
/* End PBXResourcesBuildPhase section */

/* Begin PBXSourcesBuildPhase section */
		F3CE3B152D6678C90024C256 /* Sources */ = {
			isa = PBXSourcesBuildPhase;
			buildActionMask = 2147483647;
			files = (
			);
			runOnlyForDeploymentPostprocessing = 0;
		};
		F3CE3B272D6678CA0024C256 /* Sources */ = {
			isa = PBXSourcesBuildPhase;
			buildActionMask = 2147483647;
			files = (
			);
			runOnlyForDeploymentPostprocessing = 0;
		};
		F3CE3B312D6678CA0024C256 /* Sources */ = {
			isa = PBXSourcesBuildPhase;
			buildActionMask = 2147483647;
			files = (
			);
			runOnlyForDeploymentPostprocessing = 0;
		};
/* End PBXSourcesBuildPhase section */

/* Begin PBXTargetDependency section */
		F3CE3B1C2D6678C90024C256 /* PBXTargetDependency */ = {
			isa = PBXTargetDependency;
			target = F3CE3B182D6678C90024C256 /* HoopCount Watch App */;
			targetProxy = F3CE3B1B2D6678C90024C256 /* PBXContainerItemProxy */;
		};
		F3CE3B2D2D6678CA0024C256 /* PBXTargetDependency */ = {
			isa = PBXTargetDependency;
			target = F3CE3B182D6678C90024C256 /* HoopCount Watch App */;
			targetProxy = F3CE3B2C2D6678CA0024C256 /* PBXContainerItemProxy */;
		};
		F3CE3B372D6678CA0024C256 /* PBXTargetDependency */ = {
			isa = PBXTargetDependency;
			target = F3CE3B182D6678C90024C256 /* HoopCount Watch App */;
			targetProxy = F3CE3B362D6678CA0024C256 /* PBXContainerItemProxy */;
		};
/* End PBXTargetDependency section */

/* Begin XCBuildConfiguration section */
		F3CE3B3D2D6678CA0024C256 /* Debug */ = {
			isa = XCBuildConfiguration;
			buildSettings = {
				ALWAYS_SEARCH_USER_PATHS = NO;
				ASSETCATALOG_COMPILER_GENERATE_SWIFT_ASSET_SYMBOL_EXTENSIONS = YES;
				CLANG_ANALYZER_NONNULL = YES;
				CLANG_ANALYZER_NUMBER_OBJECT_CONVERSION = YES_AGGRESSIVE;
				CLANG_CXX_LANGUAGE_STANDARD = "gnu++20";
				CLANG_ENABLE_MODULES = YES;
				CLANG_ENABLE_OBJC_ARC = YES;
				CLANG_ENABLE_OBJC_WEAK = YES;
				CLANG_WARN_BLOCK_CAPTURE_AUTORELEASING = YES;
				CLANG_WARN_BOOL_CONVERSION = YES;
				CLANG_WARN_COMMA = YES;
				CLANG_WARN_CONSTANT_CONVERSION = YES;
				CLANG_WARN_DEPRECATED_OBJC_IMPLEMENTATIONS = YES;
				CLANG_WARN_DIRECT_OBJC_ISA_USAGE = YES_ERROR;
				CLANG_WARN_DOCUMENTATION_COMMENTS = YES;
				CLANG_WARN_EMPTY_BODY = YES;
				CLANG_WARN_ENUM_CONVERSION = YES;
				CLANG_WARN_INFINITE_RECURSION = YES;
				CLANG_WARN_INT_CONVERSION = YES;
				CLANG_WARN_NON_LITERAL_NULL_CONVERSION = YES;
				CLANG_WARN_OBJC_IMPLICIT_RETAIN_SELF = YES;
				CLANG_WARN_OBJC_LITERAL_CONVERSION = YES;
				CLANG_WARN_OBJC_ROOT_CLASS = YES_ERROR;
				CLANG_WARN_QUOTED_INCLUDE_IN_FRAMEWORK_HEADER = YES;
				CLANG_WARN_RANGE_LOOP_ANALYSIS = YES;
				CLANG_WARN_STRICT_PROTOTYPES = YES;
				CLANG_WARN_SUSPICIOUS_MOVE = YES;
				CLANG_WARN_UNGUARDED_AVAILABILITY = YES_AGGRESSIVE;
				CLANG_WARN_UNREACHABLE_CODE = YES;
				CLANG_WARN__DUPLICATE_METHOD_MATCH = YES;
				COPY_PHASE_STRIP = NO;
				DEBUG_INFORMATION_FORMAT = dwarf;
				ENABLE_STRICT_OBJC_MSGSEND = YES;
				ENABLE_TESTABILITY = YES;
				ENABLE_USER_SCRIPT_SANDBOXING = YES;
				GCC_C_LANGUAGE_STANDARD = gnu17;
				GCC_DYNAMIC_NO_PIC = NO;
				GCC_NO_COMMON_BLOCKS = YES;
				GCC_OPTIMIZATION_LEVEL = 0;
				GCC_PREPROCESSOR_DEFINITIONS = (
					"DEBUG=1",
					"$(inherited)",
				);
				GCC_WARN_64_TO_32_BIT_CONVERSION = YES;
				GCC_WARN_ABOUT_RETURN_TYPE = YES_ERROR;
				GCC_WARN_UNDECLARED_SELECTOR = YES;
				GCC_WARN_UNINITIALIZED_AUTOS = YES_AGGRESSIVE;
				GCC_WARN_UNUSED_FUNCTION = YES;
				GCC_WARN_UNUSED_VARIABLE = YES;
				LOCALIZATION_PREFERS_STRING_CATALOGS = YES;
				MTL_ENABLE_DEBUG_INFO = INCLUDE_SOURCE;
				MTL_FAST_MATH = YES;
				ONLY_ACTIVE_ARCH = YES;
				SWIFT_ACTIVE_COMPILATION_CONDITIONS = "DEBUG $(inherited)";
				SWIFT_OPTIMIZATION_LEVEL = "-Onone";
			};
			name = Debug;
		};
		F3CE3B3E2D6678CA0024C256 /* Release */ = {
			isa = XCBuildConfiguration;
			buildSettings = {
				ALWAYS_SEARCH_USER_PATHS = NO;
				ASSETCATALOG_COMPILER_GENERATE_SWIFT_ASSET_SYMBOL_EXTENSIONS = YES;
				CLANG_ANALYZER_NONNULL = YES;
				CLANG_ANALYZER_NUMBER_OBJECT_CONVERSION = YES_AGGRESSIVE;
				CLANG_CXX_LANGUAGE_STANDARD = "gnu++20";
				CLANG_ENABLE_MODULES = YES;
				CLANG_ENABLE_OBJC_ARC = YES;
				CLANG_ENABLE_OBJC_WEAK = YES;
				CLANG_WARN_BLOCK_CAPTURE_AUTORELEASING = YES;
				CLANG_WARN_BOOL_CONVERSION = YES;
				CLANG_WARN_COMMA = YES;
				CLANG_WARN_CONSTANT_CONVERSION = YES;
				CLANG_WARN_DEPRECATED_OBJC_IMPLEMENTATIONS = YES;
				CLANG_WARN_DIRECT_OBJC_ISA_USAGE = YES_ERROR;
				CLANG_WARN_DOCUMENTATION_COMMENTS = YES;
				CLANG_WARN_EMPTY_BODY = YES;
				CLANG_WARN_ENUM_CONVERSION = YES;
				CLANG_WARN_INFINITE_RECURSION = YES;
				CLANG_WARN_INT_CONVERSION = YES;
				CLANG_WARN_NON_LITERAL_NULL_CONVERSION = YES;
				CLANG_WARN_OBJC_IMPLICIT_RETAIN_SELF = YES;
				CLANG_WARN_OBJC_LITERAL_CONVERSION = YES;
				CLANG_WARN_OBJC_ROOT_CLASS = YES_ERROR;
				CLANG_WARN_QUOTED_INCLUDE_IN_FRAMEWORK_HEADER = YES;
				CLANG_WARN_RANGE_LOOP_ANALYSIS = YES;
				CLANG_WARN_STRICT_PROTOTYPES = YES;
				CLANG_WARN_SUSPICIOUS_MOVE = YES;
				CLANG_WARN_UNGUARDED_AVAILABILITY = YES_AGGRESSIVE;
				CLANG_WARN_UNREACHABLE_CODE = YES;
				CLANG_WARN__DUPLICATE_METHOD_MATCH = YES;
				COPY_PHASE_STRIP = NO;
				DEBUG_INFORMATION_FORMAT = "dwarf-with-dsym";
				ENABLE_NS_ASSERTIONS = NO;
				ENABLE_STRICT_OBJC_MSGSEND = YES;
				ENABLE_USER_SCRIPT_SANDBOXING = YES;
				GCC_C_LANGUAGE_STANDARD = gnu17;
				GCC_NO_COMMON_BLOCKS = YES;
				GCC_WARN_64_TO_32_BIT_CONVERSION = YES;
				GCC_WARN_ABOUT_RETURN_TYPE = YES_ERROR;
				GCC_WARN_UNDECLARED_SELECTOR = YES;
				GCC_WARN_UNINITIALIZED_AUTOS = YES_AGGRESSIVE;
				GCC_WARN_UNUSED_FUNCTION = YES;
				GCC_WARN_UNUSED_VARIABLE = YES;
				LOCALIZATION_PREFERS_STRING_CATALOGS = YES;
				MTL_ENABLE_DEBUG_INFO = NO;
				MTL_FAST_MATH = YES;
				SWIFT_COMPILATION_MODE = wholemodule;
			};
			name = Release;
		};
		F3CE3B402D6678CA0024C256 /* Debug */ = {
			isa = XCBuildConfiguration;
			buildSettings = {
				ASSETCATALOG_COMPILER_APPICON_NAME = AppIcon;
				ASSETCATALOG_COMPILER_GLOBAL_ACCENT_COLOR_NAME = AccentColor;
				CODE_SIGN_STYLE = Automatic;
				CURRENT_PROJECT_VERSION = 1;
				DEVELOPMENT_ASSET_PATHS = "\"HoopCount Watch App/Preview Content\"";
				DEVELOPMENT_TEAM = 4D3C7D49NZ;
				ENABLE_PREVIEWS = YES;
				GENERATE_INFOPLIST_FILE = YES;
				INFOPLIST_KEY_CFBundleDisplayName = HoopCount;
				INFOPLIST_KEY_UISupportedInterfaceOrientations = "UIInterfaceOrientationPortrait UIInterfaceOrientationPortraitUpsideDown";
				INFOPLIST_KEY_WKWatchOnly = YES;
				LD_RUNPATH_SEARCH_PATHS = (
					"$(inherited)",
					"@executable_path/Frameworks",
				);
				MARKETING_VERSION = 1.0;
				PRODUCT_BUNDLE_IDENTIFIER = hoopcount.HoopCount.watchkitapp;
				PRODUCT_NAME = "$(TARGET_NAME)";
				SDKROOT = watchos;
				SKIP_INSTALL = YES;
				SWIFT_EMIT_LOC_STRINGS = YES;
				SWIFT_VERSION = 5.0;
				TARGETED_DEVICE_FAMILY = 4;
				WATCHOS_DEPLOYMENT_TARGET = 10.6;
			};
			name = Debug;
		};
		F3CE3B412D6678CA0024C256 /* Release */ = {
			isa = XCBuildConfiguration;
			buildSettings = {
				ASSETCATALOG_COMPILER_APPICON_NAME = AppIcon;
				ASSETCATALOG_COMPILER_GLOBAL_ACCENT_COLOR_NAME = AccentColor;
				CODE_SIGN_STYLE = Automatic;
				CURRENT_PROJECT_VERSION = 1;
				DEVELOPMENT_ASSET_PATHS = "\"HoopCount Watch App/Preview Content\"";
				DEVELOPMENT_TEAM = 4D3C7D49NZ;
				ENABLE_PREVIEWS = YES;
				GENERATE_INFOPLIST_FILE = YES;
				INFOPLIST_KEY_CFBundleDisplayName = HoopCount;
				INFOPLIST_KEY_UISupportedInterfaceOrientations = "UIInterfaceOrientationPortrait UIInterfaceOrientationPortraitUpsideDown";
				INFOPLIST_KEY_WKWatchOnly = YES;
				LD_RUNPATH_SEARCH_PATHS = (
					"$(inherited)",
					"@executable_path/Frameworks",
				);
				MARKETING_VERSION = 1.0;
				PRODUCT_BUNDLE_IDENTIFIER = hoopcount.HoopCount.watchkitapp;
				PRODUCT_NAME = "$(TARGET_NAME)";
				SDKROOT = watchos;
				SKIP_INSTALL = YES;
				SWIFT_EMIT_LOC_STRINGS = YES;
				SWIFT_VERSION = 5.0;
				TARGETED_DEVICE_FAMILY = 4;
				VALIDATE_PRODUCT = YES;
				WATCHOS_DEPLOYMENT_TARGET = 10.6;
			};
			name = Release;
		};
		F3CE3B442D6678CA0024C256 /* Debug */ = {
			isa = XCBuildConfiguration;
			buildSettings = {
				CODE_SIGN_STYLE = Automatic;
				CURRENT_PROJECT_VERSION = 1;
				DEVELOPMENT_TEAM = 4D3C7D49NZ;
				INFOPLIST_KEY_CFBundleDisplayName = HoopCount;
				MARKETING_VERSION = 1.0;
				PRODUCT_BUNDLE_IDENTIFIER = hoopcount.HoopCount;
				PRODUCT_NAME = "$(TARGET_NAME)";
				SDKROOT = iphoneos;
				SWIFT_VERSION = 5.0;
			};
			name = Debug;
		};
		F3CE3B452D6678CA0024C256 /* Release */ = {
			isa = XCBuildConfiguration;
			buildSettings = {
				CODE_SIGN_STYLE = Automatic;
				CURRENT_PROJECT_VERSION = 1;
				DEVELOPMENT_TEAM = 4D3C7D49NZ;
				INFOPLIST_KEY_CFBundleDisplayName = HoopCount;
				MARKETING_VERSION = 1.0;
				PRODUCT_BUNDLE_IDENTIFIER = hoopcount.HoopCount;
				PRODUCT_NAME = "$(TARGET_NAME)";
				SDKROOT = iphoneos;
				SWIFT_VERSION = 5.0;
				VALIDATE_PRODUCT = YES;
			};
			name = Release;
		};
		F3CE3B472D6678CA0024C256 /* Debug */ = {
			isa = XCBuildConfiguration;
			buildSettings = {
				BUNDLE_LOADER = "$(TEST_HOST)";
				CODE_SIGN_STYLE = Automatic;
				CURRENT_PROJECT_VERSION = 1;
				DEVELOPMENT_TEAM = 4D3C7D49NZ;
				GENERATE_INFOPLIST_FILE = YES;
				MARKETING_VERSION = 1.0;
				PRODUCT_BUNDLE_IDENTIFIER = "hoopcount.HoopCount-Watch-AppTests";
				PRODUCT_NAME = "$(TARGET_NAME)";
				SDKROOT = watchos;
				SWIFT_EMIT_LOC_STRINGS = NO;
				SWIFT_VERSION = 5.0;
				TARGETED_DEVICE_FAMILY = 4;
				TEST_HOST = "$(BUILT_PRODUCTS_DIR)/HoopCount Watch App.app/$(BUNDLE_EXECUTABLE_FOLDER_PATH)/HoopCount Watch App";
				WATCHOS_DEPLOYMENT_TARGET = 10.6;
			};
			name = Debug;
		};
		F3CE3B482D6678CA0024C256 /* Release */ = {
			isa = XCBuildConfiguration;
			buildSettings = {
				BUNDLE_LOADER = "$(TEST_HOST)";
				CODE_SIGN_STYLE = Automatic;
				CURRENT_PROJECT_VERSION = 1;
				DEVELOPMENT_TEAM = 4D3C7D49NZ;
				GENERATE_INFOPLIST_FILE = YES;
				MARKETING_VERSION = 1.0;
				PRODUCT_BUNDLE_IDENTIFIER = "hoopcount.HoopCount-Watch-AppTests";
				PRODUCT_NAME = "$(TARGET_NAME)";
				SDKROOT = watchos;
				SWIFT_EMIT_LOC_STRINGS = NO;
				SWIFT_VERSION = 5.0;
				TARGETED_DEVICE_FAMILY = 4;
				TEST_HOST = "$(BUILT_PRODUCTS_DIR)/HoopCount Watch App.app/$(BUNDLE_EXECUTABLE_FOLDER_PATH)/HoopCount Watch App";
				VALIDATE_PRODUCT = YES;
				WATCHOS_DEPLOYMENT_TARGET = 10.6;
			};
			name = Release;
		};
		F3CE3B4A2D6678CA0024C256 /* Debug */ = {
			isa = XCBuildConfiguration;
			buildSettings = {
				CODE_SIGN_STYLE = Automatic;
				CURRENT_PROJECT_VERSION = 1;
				DEVELOPMENT_TEAM = 4D3C7D49NZ;
				GENERATE_INFOPLIST_FILE = YES;
				MARKETING_VERSION = 1.0;
				PRODUCT_BUNDLE_IDENTIFIER = "hoopcount.HoopCount-Watch-AppUITests";
				PRODUCT_NAME = "$(TARGET_NAME)";
				SDKROOT = watchos;
				SWIFT_EMIT_LOC_STRINGS = NO;
				SWIFT_VERSION = 5.0;
				TARGETED_DEVICE_FAMILY = 4;
				TEST_TARGET_NAME = "HoopCount Watch App";
				WATCHOS_DEPLOYMENT_TARGET = 10.6;
			};
			name = Debug;
		};
		F3CE3B4B2D6678CA0024C256 /* Release */ = {
			isa = XCBuildConfiguration;
			buildSettings = {
				CODE_SIGN_STYLE = Automatic;
				CURRENT_PROJECT_VERSION = 1;
				DEVELOPMENT_TEAM = 4D3C7D49NZ;
				GENERATE_INFOPLIST_FILE = YES;
				MARKETING_VERSION = 1.0;
				PRODUCT_BUNDLE_IDENTIFIER = "hoopcount.HoopCount-Watch-AppUITests";
				PRODUCT_NAME = "$(TARGET_NAME)";
				SDKROOT = watchos;
				SWIFT_EMIT_LOC_STRINGS = NO;
				SWIFT_VERSION = 5.0;
				TARGETED_DEVICE_FAMILY = 4;
				TEST_TARGET_NAME = "HoopCount Watch App";
				VALIDATE_PRODUCT = YES;
				WATCHOS_DEPLOYMENT_TARGET = 10.6;
			};
			name = Release;
		};
/* End XCBuildConfiguration section */

/* Begin XCConfigurationList section */
		F3CE3B102D6678C90024C256 /* Build configuration list for PBXProject "HoopCount" */ = {
			isa = XCConfigurationList;
			buildConfigurations = (
				F3CE3B3D2D6678CA0024C256 /* Debug */,
				F3CE3B3E2D6678CA0024C256 /* Release */,
			);
			defaultConfigurationIsVisible = 0;
			defaultConfigurationName = Release;
		};
		F3CE3B3F2D6678CA0024C256 /* Build configuration list for PBXNativeTarget "HoopCount Watch App" */ = {
			isa = XCConfigurationList;
			buildConfigurations = (
				F3CE3B402D6678CA0024C256 /* Debug */,
				F3CE3B412D6678CA0024C256 /* Release */,
			);
			defaultConfigurationIsVisible = 0;
			defaultConfigurationName = Release;
		};
		F3CE3B432D6678CA0024C256 /* Build configuration list for PBXNativeTarget "HoopCount" */ = {
			isa = XCConfigurationList;
			buildConfigurations = (
				F3CE3B442D6678CA0024C256 /* Debug */,
				F3CE3B452D6678CA0024C256 /* Release */,
			);
			defaultConfigurationIsVisible = 0;
			defaultConfigurationName = Release;
		};
		F3CE3B462D6678CA0024C256 /* Build configuration list for PBXNativeTarget "HoopCount Watch AppTests" */ = {
			isa = XCConfigurationList;
			buildConfigurations = (
				F3CE3B472D6678CA0024C256 /* Debug */,
				F3CE3B482D6678CA0024C256 /* Release */,
			);
			defaultConfigurationIsVisible = 0;
			defaultConfigurationName = Release;
		};
		F3CE3B492D6678CA0024C256 /* Build configuration list for PBXNativeTarget "HoopCount Watch AppUITests" */ = {
			isa = XCConfigurationList;
			buildConfigurations = (
				F3CE3B4A2D6678CA0024C256 /* Debug */,
				F3CE3B4B2D6678CA0024C256 /* Release */,
			);
			defaultConfigurationIsVisible = 0;
			defaultConfigurationName = Release;
		};
/* End XCConfigurationList section */
	};
	rootObject = F3CE3B0D2D6678C90024C256 /* Project object */;
}
